
Microsoft Visual Studio Solution File, Format Version 11.00
# Visual Studio 2010
Project("{8BC9CEB8-8B4A-11D0-8D11-00A0C91BC942}") = "sample_hk_cfg", "sample_hk_cfg.vcxproj", "{10E8B49F-3B19-486D-B310-0AEFA0ED71E9}"
EndProject
Global
	GlobalSection(SolutionConfigurationPlatforms) = preSolution
		Debug|Win32 = Debug|Win32
		Release|Win32 = Release|Win32
	EndGlobalSection
	GlobalSection(ProjectConfigurationPlatforms) = postSolution
		{10E8B49F-3B19-486D-B310-0AEFA0ED71E9}.Debug|Win32.ActiveCfg = Debug|Win32
		{10E8B49F-3B19-486D-B310-0AEFA0ED71E9}.Debug|Win32.Build.0 = Debug|Win32
		{10E8B49F-3B19-486D-B310-0AEFA0ED71E9}.Release|Win32.ActiveCfg = Release|Win32
		{10E8B49F-3B19-486D-B310-0AEFA0ED71E9}.Release|Win32.Build.0 = Release|Win32
	EndGlobalSection
	GlobalSection(SolutionProperties) = preSolution
		HideSolutionNode = FALSE
	EndGlobalSection
EndGlobal
